{
  "name": "pjsvis.github.io",
  "lockfileVersion": 3,
  "requires": true,
  "packages": {
    "": {
      "dependencies": {
        "open-props": "^1.7.15"
      }
    },
    "node_modules/open-props": {
      "version": "1.7.15",
      "resolved": "https://registry.npmjs.org/open-props/-/open-props-1.7.15.tgz",
      "integrity": "sha512-TvyN35N02w1wmIsz6SUInEo0RaVvSvIj794qlHjkmeTFuBYu2vzV6LbZyE5D8/c5UsGtRudl4ScK1jkabPBpGw==",
      "license": "MIT"
    }
  }
}
